Microsoft Visual Studio Solution File, Format Version 12.00
# Visual Studio 2012
Project("{FAE04EC0-301F-11D3-BF4B-00C04F79EFBC}") = "Aspen-s Card Game", "Aspen-s Card Game.csproj", "{492156E3-756E-4233-B1AD-513DD6BD106F}"
EndProject
Global
	GlobalSection(SolutionConfigurationPlatforms) = preSolution
	Debug|Any CPU = Debug|Any CPU
	ExportDebug|Any CPU = ExportDebug|Any CPU
	ExportRelease|Any CPU = ExportRelease|Any CPU
	EndGlobalSection
	GlobalSection(ProjectConfigurationPlatforms) = postSolution
		{492156E3-756E-4233-B1AD-513DD6BD106F}.Debug|Any CPU.ActiveCfg = Debug|Any CPU
		{492156E3-756E-4233-B1AD-513DD6BD106F}.Debug|Any CPU.Build.0 = Debug|Any CPU
		{492156E3-756E-4233-B1AD-513DD6BD106F}.ExportDebug|Any CPU.ActiveCfg = ExportDebug|Any CPU
		{492156E3-756E-4233-B1AD-513DD6BD106F}.ExportDebug|Any CPU.Build.0 = ExportDebug|Any CPU
		{492156E3-756E-4233-B1AD-513DD6BD106F}.ExportRelease|Any CPU.ActiveCfg = ExportRelease|Any CPU
		{492156E3-756E-4233-B1AD-513DD6BD106F}.ExportRelease|Any CPU.Build.0 = ExportRelease|Any CPU
	EndGlobalSection
EndGlobal
